
Microsoft Visual Studio Solution File, Format Version 12.00
# Visual Studio Version 17
VisualStudioVersion = 17.5.33516.290
MinimumVisualStudioVersion = 10.0.40219.1
Project("{FAE04EC0-301F-11D3-BF4B-00C04F79EFBC}") = "EnumDetails", "EnumDetails\EnumDetails.csproj", "{69D743F5-0CC2-4E15-AC69-8C45EA341CBD}"
EndProject
Global
	GlobalSection(SolutionConfigurationPlatforms) = preSolution
		Debug|Any CPU = Debug|Any CPU
		Release|Any CPU = Release|Any CPU
	EndGlobalSection
	GlobalSection(ProjectConfigurationPlatforms) = postSolution
		{69D743F5-0CC2-4E15-AC69-8C45EA341CBD}.Debug|Any CPU.ActiveCfg = Debug|Any CPU
		{69D743F5-0CC2-4E15-AC69-8C45EA341CBD}.Debug|Any CPU.Build.0 = Debug|Any CPU
		{69D743F5-0CC2-4E15-AC69-8C45EA341CBD}.Release|Any CPU.ActiveCfg = Release|Any CPU
		{69D743F5-0CC2-4E15-AC69-8C45EA341CBD}.Release|Any CPU.Build.0 = Release|Any CPU
	EndGlobalSection
	GlobalSection(SolutionProperties) = preSolution
		HideSolutionNode = FALSE
	EndGlobalSection
	GlobalSection(ExtensibilityGlobals) = postSolution
		SolutionGuid = {A24C4CC4-A9BE-409E-927F-D8B2EF900108}
	EndGlobalSection
EndGlobal
