
Microsoft Visual Studio Solution File, Format Version 12.00
# Visual Studio Version 17
VisualStudioVersion = 17.5.33516.290
MinimumVisualStudioVersion = 10.0.40219.1
Project("{FAE04EC0-301F-11D3-BF4B-00C04F79EFBC}") = "DynamicRuntime", "DynamicRuntime\DynamicRuntime.csproj", "{348B559C-BA8A-4526-9A63-1142ACBE7157}"
EndProject
Global
	GlobalSection(SolutionConfigurationPlatforms) = preSolution
		Debug|Any CPU = Debug|Any CPU
		Release|Any CPU = Release|Any CPU
	EndGlobalSection
	GlobalSection(ProjectConfigurationPlatforms) = postSolution
		{348B559C-BA8A-4526-9A63-1142ACBE7157}.Debug|Any CPU.ActiveCfg = Debug|Any CPU
		{348B559C-BA8A-4526-9A63-1142ACBE7157}.Debug|Any CPU.Build.0 = Debug|Any CPU
		{348B559C-BA8A-4526-9A63-1142ACBE7157}.Release|Any CPU.ActiveCfg = Release|Any CPU
		{348B559C-BA8A-4526-9A63-1142ACBE7157}.Release|Any CPU.Build.0 = Release|Any CPU
	EndGlobalSection
	GlobalSection(SolutionProperties) = preSolution
		HideSolutionNode = FALSE
	EndGlobalSection
	GlobalSection(ExtensibilityGlobals) = postSolution
		SolutionGuid = {4F9C7CA0-7A9F-4864-9253-E756406332C5}
	EndGlobalSection
EndGlobal
