
Microsoft Visual Studio Solution File, Format Version 12.00
# Visual Studio Version 17
VisualStudioVersion = 17.5.33516.290
MinimumVisualStudioVersion = 10.0.40219.1
Project("{FAE04EC0-301F-11D3-BF4B-00C04F79EFBC}") = "functionSamples", "functionSamples\functionSamples.csproj", "{9C30439E-1C42-4D84-9C4A-899ADE6CE681}"
EndProject
Global
	GlobalSection(SolutionConfigurationPlatforms) = preSolution
		Debug|Any CPU = Debug|Any CPU
		Release|Any CPU = Release|Any CPU
	EndGlobalSection
	GlobalSection(ProjectConfigurationPlatforms) = postSolution
		{9C30439E-1C42-4D84-9C4A-899ADE6CE681}.Debug|Any CPU.ActiveCfg = Debug|Any CPU
		{9C30439E-1C42-4D84-9C4A-899ADE6CE681}.Debug|Any CPU.Build.0 = Debug|Any CPU
		{9C30439E-1C42-4D84-9C4A-899ADE6CE681}.Release|Any CPU.ActiveCfg = Release|Any CPU
		{9C30439E-1C42-4D84-9C4A-899ADE6CE681}.Release|Any CPU.Build.0 = Release|Any CPU
	EndGlobalSection
	GlobalSection(SolutionProperties) = preSolution
		HideSolutionNode = FALSE
	EndGlobalSection
	GlobalSection(ExtensibilityGlobals) = postSolution
		SolutionGuid = {48CE7035-5F34-4123-AD67-2331AD5E936F}
	EndGlobalSection
EndGlobal
