
Microsoft Visual Studio Solution File, Format Version 12.00
# Visual Studio Version 17
VisualStudioVersion = 17.5.33516.290
MinimumVisualStudioVersion = 10.0.40219.1
Project("{FAE04EC0-301F-11D3-BF4B-00C04F79EFBC}") = "MultiThreading", "MultiThreading\MultiThreading.csproj", "{6334F4D7-0A96-4817-8500-C7AE73AB3D38}"
EndProject
Project("{FAE04EC0-301F-11D3-BF4B-00C04F79EFBC}") = "MultiTasking", "MultiTasking\MultiTasking.csproj", "{1C3E4A6B-7F2B-444C-B77F-1416C4E928A6}"
EndProject
Global
	GlobalSection(SolutionConfigurationPlatforms) = preSolution
		Debug|Any CPU = Debug|Any CPU
		Release|Any CPU = Release|Any CPU
	EndGlobalSection
	GlobalSection(ProjectConfigurationPlatforms) = postSolution
		{6334F4D7-0A96-4817-8500-C7AE73AB3D38}.Debug|Any CPU.ActiveCfg = Debug|Any CPU
		{6334F4D7-0A96-4817-8500-C7AE73AB3D38}.Debug|Any CPU.Build.0 = Debug|Any CPU
		{6334F4D7-0A96-4817-8500-C7AE73AB3D38}.Release|Any CPU.ActiveCfg = Release|Any CPU
		{6334F4D7-0A96-4817-8500-C7AE73AB3D38}.Release|Any CPU.Build.0 = Release|Any CPU
		{1C3E4A6B-7F2B-444C-B77F-1416C4E928A6}.Debug|Any CPU.ActiveCfg = Debug|Any CPU
		{1C3E4A6B-7F2B-444C-B77F-1416C4E928A6}.Debug|Any CPU.Build.0 = Debug|Any CPU
		{1C3E4A6B-7F2B-444C-B77F-1416C4E928A6}.Release|Any CPU.ActiveCfg = Release|Any CPU
		{1C3E4A6B-7F2B-444C-B77F-1416C4E928A6}.Release|Any CPU.Build.0 = Release|Any CPU
	EndGlobalSection
	GlobalSection(SolutionProperties) = preSolution
		HideSolutionNode = FALSE
	EndGlobalSection
	GlobalSection(ExtensibilityGlobals) = postSolution
		SolutionGuid = {E013A603-2F87-4ECC-9E5E-69A87F52D3AC}
	EndGlobalSection
EndGlobal
