
Microsoft Visual Studio Solution File, Format Version 12.00
# Visual Studio Version 17
VisualStudioVersion = 17.5.33516.290
MinimumVisualStudioVersion = 10.0.40219.1
Project("{9A19103F-16F7-4668-BE54-9A1E7A4F7556}") = "eshop.MVC", "eshop.MVC\eshop.MVC.csproj", "{D96C7261-F0A9-4A39-B44B-B5A1D3D47A50}"
EndProject
Project("{9A19103F-16F7-4668-BE54-9A1E7A4F7556}") = "eshop.Services", "eshop.Services\eshop.Services.csproj", "{D30DC53C-2E71-485D-8FE4-642EE5B2D9A1}"
EndProject
Project("{9A19103F-16F7-4668-BE54-9A1E7A4F7556}") = "eshop.DataAccess", "eshop.DataAccess\eshop.DataAccess.csproj", "{7FC51A55-8D79-453C-9467-A563CB7CFAC8}"
EndProject
Project("{9A19103F-16F7-4668-BE54-9A1E7A4F7556}") = "eshop.Entities", "eshop.Entities\eshop.Entities.csproj", "{7E8A9B42-772B-43D0-ADE5-AD5BF4616234}"
EndProject
Project("{9A19103F-16F7-4668-BE54-9A1E7A4F7556}") = "eshop.Extensions", "eshop.Extensions\eshop.Extensions.csproj", "{FBE04616-36DC-4E5A-910D-F5B2D10ADCE9}"
EndProject
Project("{FAE04EC0-301F-11D3-BF4B-00C04F79EFBC}") = "eshop.API", "eshop.API\eshop.API.csproj", "{3A6D8385-8FED-424D-8EE3-B0CA6AE09A5C}"
EndProject
Global
	GlobalSection(SolutionConfigurationPlatforms) = preSolution
		Debug|Any CPU = Debug|Any CPU
		Release|Any CPU = Release|Any CPU
	EndGlobalSection
	GlobalSection(ProjectConfigurationPlatforms) = postSolution
		{D96C7261-F0A9-4A39-B44B-B5A1D3D47A50}.Debug|Any CPU.ActiveCfg = Debug|Any CPU
		{D96C7261-F0A9-4A39-B44B-B5A1D3D47A50}.Debug|Any CPU.Build.0 = Debug|Any CPU
		{D96C7261-F0A9-4A39-B44B-B5A1D3D47A50}.Release|Any CPU.ActiveCfg = Release|Any CPU
		{D96C7261-F0A9-4A39-B44B-B5A1D3D47A50}.Release|Any CPU.Build.0 = Release|Any CPU
		{D30DC53C-2E71-485D-8FE4-642EE5B2D9A1}.Debug|Any CPU.ActiveCfg = Debug|Any CPU
		{D30DC53C-2E71-485D-8FE4-642EE5B2D9A1}.Debug|Any CPU.Build.0 = Debug|Any CPU
		{D30DC53C-2E71-485D-8FE4-642EE5B2D9A1}.Release|Any CPU.ActiveCfg = Release|Any CPU
		{D30DC53C-2E71-485D-8FE4-642EE5B2D9A1}.Release|Any CPU.Build.0 = Release|Any CPU
		{7FC51A55-8D79-453C-9467-A563CB7CFAC8}.Debug|Any CPU.ActiveCfg = Debug|Any CPU
		{7FC51A55-8D79-453C-9467-A563CB7CFAC8}.Debug|Any CPU.Build.0 = Debug|Any CPU
		{7FC51A55-8D79-453C-9467-A563CB7CFAC8}.Release|Any CPU.ActiveCfg = Release|Any CPU
		{7FC51A55-8D79-453C-9467-A563CB7CFAC8}.Release|Any CPU.Build.0 = Release|Any CPU
		{7E8A9B42-772B-43D0-ADE5-AD5BF4616234}.Debug|Any CPU.ActiveCfg = Debug|Any CPU
		{7E8A9B42-772B-43D0-ADE5-AD5BF4616234}.Debug|Any CPU.Build.0 = Debug|Any CPU
		{7E8A9B42-772B-43D0-ADE5-AD5BF4616234}.Release|Any CPU.ActiveCfg = Release|Any CPU
		{7E8A9B42-772B-43D0-ADE5-AD5BF4616234}.Release|Any CPU.Build.0 = Release|Any CPU
		{FBE04616-36DC-4E5A-910D-F5B2D10ADCE9}.Debug|Any CPU.ActiveCfg = Debug|Any CPU
		{FBE04616-36DC-4E5A-910D-F5B2D10ADCE9}.Debug|Any CPU.Build.0 = Debug|Any CPU
		{FBE04616-36DC-4E5A-910D-F5B2D10ADCE9}.Release|Any CPU.ActiveCfg = Release|Any CPU
		{FBE04616-36DC-4E5A-910D-F5B2D10ADCE9}.Release|Any CPU.Build.0 = Release|Any CPU
		{3A6D8385-8FED-424D-8EE3-B0CA6AE09A5C}.Debug|Any CPU.ActiveCfg = Debug|Any CPU
		{3A6D8385-8FED-424D-8EE3-B0CA6AE09A5C}.Debug|Any CPU.Build.0 = Debug|Any CPU
		{3A6D8385-8FED-424D-8EE3-B0CA6AE09A5C}.Release|Any CPU.ActiveCfg = Release|Any CPU
		{3A6D8385-8FED-424D-8EE3-B0CA6AE09A5C}.Release|Any CPU.Build.0 = Release|Any CPU
	EndGlobalSection
	GlobalSection(SolutionProperties) = preSolution
		HideSolutionNode = FALSE
	EndGlobalSection
	GlobalSection(ExtensibilityGlobals) = postSolution
		SolutionGuid = {A42AB386-A853-4C6B-875C-B099ED5F3568}
	EndGlobalSection
EndGlobal
