
Microsoft Visual Studio Solution File, Format Version 12.00
# Visual Studio Version 17
VisualStudioVersion = 17.5.33516.290
MinimumVisualStudioVersion = 10.0.40219.1
Project("{FAE04EC0-301F-11D3-BF4B-00C04F79EFBC}") = "AnonymousTypes", "AnonymousTypes\AnonymousTypes.csproj", "{B4762744-0AEF-419E-9794-ACE22B8E0684}"
EndProject
Global
	GlobalSection(SolutionConfigurationPlatforms) = preSolution
		Debug|Any CPU = Debug|Any CPU
		Release|Any CPU = Release|Any CPU
	EndGlobalSection
	GlobalSection(ProjectConfigurationPlatforms) = postSolution
		{B4762744-0AEF-419E-9794-ACE22B8E0684}.Debug|Any CPU.ActiveCfg = Debug|Any CPU
		{B4762744-0AEF-419E-9794-ACE22B8E0684}.Debug|Any CPU.Build.0 = Debug|Any CPU
		{B4762744-0AEF-419E-9794-ACE22B8E0684}.Release|Any CPU.ActiveCfg = Release|Any CPU
		{B4762744-0AEF-419E-9794-ACE22B8E0684}.Release|Any CPU.Build.0 = Release|Any CPU
	EndGlobalSection
	GlobalSection(SolutionProperties) = preSolution
		HideSolutionNode = FALSE
	EndGlobalSection
	GlobalSection(ExtensibilityGlobals) = postSolution
		SolutionGuid = {EE7E677F-F2F0-4208-87B9-3457664BFF2C}
	EndGlobalSection
EndGlobal
