
Microsoft Visual Studio Solution File, Format Version 12.00
# Visual Studio Version 17
VisualStudioVersion = 17.5.33516.290
MinimumVisualStudioVersion = 10.0.40219.1
Project("{FAE04EC0-301F-11D3-BF4B-00C04F79EFBC}") = "FunctionDetails", "FunctionDetails\FunctionDetails.csproj", "{E12762A5-B22C-4218-A865-C527C1184BBF}"
EndProject
Global
	GlobalSection(SolutionConfigurationPlatforms) = preSolution
		Debug|Any CPU = Debug|Any CPU
		Release|Any CPU = Release|Any CPU
	EndGlobalSection
	GlobalSection(ProjectConfigurationPlatforms) = postSolution
		{E12762A5-B22C-4218-A865-C527C1184BBF}.Debug|Any CPU.ActiveCfg = Debug|Any CPU
		{E12762A5-B22C-4218-A865-C527C1184BBF}.Debug|Any CPU.Build.0 = Debug|Any CPU
		{E12762A5-B22C-4218-A865-C527C1184BBF}.Release|Any CPU.ActiveCfg = Release|Any CPU
		{E12762A5-B22C-4218-A865-C527C1184BBF}.Release|Any CPU.Build.0 = Release|Any CPU
	EndGlobalSection
	GlobalSection(SolutionProperties) = preSolution
		HideSolutionNode = FALSE
	EndGlobalSection
	GlobalSection(ExtensibilityGlobals) = postSolution
		SolutionGuid = {ED2F64CA-1F28-47D5-A72A-2C82B768ADF1}
	EndGlobalSection
EndGlobal
