
Microsoft Visual Studio Solution File, Format Version 12.00
# Visual Studio Version 17
VisualStudioVersion = 17.5.33516.290
MinimumVisualStudioVersion = 10.0.40219.1
Project("{FAE04EC0-301F-11D3-BF4B-00C04F79EFBC}") = "DILifeTime", "DILifeTime\DILifeTime.csproj", "{D40E9CB1-321C-448A-86A5-8C3B51C46E6E}"
EndProject
Global
	GlobalSection(SolutionConfigurationPlatforms) = preSolution
		Debug|Any CPU = Debug|Any CPU
		Release|Any CPU = Release|Any CPU
	EndGlobalSection
	GlobalSection(ProjectConfigurationPlatforms) = postSolution
		{D40E9CB1-321C-448A-86A5-8C3B51C46E6E}.Debug|Any CPU.ActiveCfg = Debug|Any CPU
		{D40E9CB1-321C-448A-86A5-8C3B51C46E6E}.Debug|Any CPU.Build.0 = Debug|Any CPU
		{D40E9CB1-321C-448A-86A5-8C3B51C46E6E}.Release|Any CPU.ActiveCfg = Release|Any CPU
		{D40E9CB1-321C-448A-86A5-8C3B51C46E6E}.Release|Any CPU.Build.0 = Release|Any CPU
	EndGlobalSection
	GlobalSection(SolutionProperties) = preSolution
		HideSolutionNode = FALSE
	EndGlobalSection
	GlobalSection(ExtensibilityGlobals) = postSolution
		SolutionGuid = {14B65CC7-2BA1-483C-9AE9-DEDAA2C5AC7E}
	EndGlobalSection
EndGlobal
